
Microsoft Visual Studio Solution File, Format Version 12.00
# Visual Studio 14
VisualStudioVersion = 14.0.25420.1
MinimumVisualStudioVersion = 10.0.40219.1
Project("{FAE04EC0-301F-11D3-BF4B-00C04F79EFBC}") = "FizzBuzzKata", "FizzBuzzKata\FizzBuzzKata.csproj", "{DD730859-E9C9-40AD-BC76-C4279C9BC2D6}"
EndProject
Project("{FAE04EC0-301F-11D3-BF4B-00C04F79EFBC}") = "FizzBuzzGame", "FizzBuzzGame\FizzBuzzGame.csproj", "{A2E8C3AC-771F-467C-84E5-724F1599095E}"
EndProject
Global
	GlobalSection(SolutionConfigurationPlatforms) = preSolution
		Debug|Any CPU = Debug|Any CPU
		Release|Any CPU = Release|Any CPU
	EndGlobalSection
	GlobalSection(ProjectConfigurationPlatforms) = postSolution
		{DD730859-E9C9-40AD-BC76-C4279C9BC2D6}.Debug|Any CPU.ActiveCfg = Debug|Any CPU
		{DD730859-E9C9-40AD-BC76-C4279C9BC2D6}.Debug|Any CPU.Build.0 = Debug|Any CPU
		{DD730859-E9C9-40AD-BC76-C4279C9BC2D6}.Release|Any CPU.ActiveCfg = Release|Any CPU
		{DD730859-E9C9-40AD-BC76-C4279C9BC2D6}.Release|Any CPU.Build.0 = Release|Any CPU
		{A2E8C3AC-771F-467C-84E5-724F1599095E}.Debug|Any CPU.ActiveCfg = Debug|Any CPU
		{A2E8C3AC-771F-467C-84E5-724F1599095E}.Debug|Any CPU.Build.0 = Debug|Any CPU
		{A2E8C3AC-771F-467C-84E5-724F1599095E}.Release|Any CPU.ActiveCfg = Release|Any CPU
		{A2E8C3AC-771F-467C-84E5-724F1599095E}.Release|Any CPU.Build.0 = Release|Any CPU
	EndGlobalSection
	GlobalSection(SolutionProperties) = preSolution
		HideSolutionNode = FALSE
	EndGlobalSection
EndGlobal
